
Microsoft Visual Studio Solution File, Format Version 12.00
# Visual Studio Version 17
VisualStudioVersion = 17.2.32616.157
MinimumVisualStudioVersion = 10.0.40219.1
Project("{FAE04EC0-301F-11D3-BF4B-00C04F79EFBC}") = "logInpage", "logInpage\logInpage.csproj", "{2E930BAF-413C-4B87-B1CE-C526747C81FF}"
EndProject
Global
	GlobalSection(SolutionConfigurationPlatforms) = preSolution
		Debug|Any CPU = Debug|Any CPU
		Release|Any CPU = Release|Any CPU
	EndGlobalSection
	GlobalSection(ProjectConfigurationPlatforms) = postSolution
		{2E930BAF-413C-4B87-B1CE-C526747C81FF}.Debug|Any CPU.ActiveCfg = Debug|Any CPU
		{2E930BAF-413C-4B87-B1CE-C526747C81FF}.Debug|Any CPU.Build.0 = Debug|Any CPU
		{2E930BAF-413C-4B87-B1CE-C526747C81FF}.Release|Any CPU.ActiveCfg = Release|Any CPU
		{2E930BAF-413C-4B87-B1CE-C526747C81FF}.Release|Any CPU.Build.0 = Release|Any CPU
	EndGlobalSection
	GlobalSection(SolutionProperties) = preSolution
		HideSolutionNode = FALSE
	EndGlobalSection
	GlobalSection(ExtensibilityGlobals) = postSolution
		SolutionGuid = {754E2A50-447D-4919-9C27-19B02F123080}
	EndGlobalSection
EndGlobal
