
Microsoft Visual Studio Solution File, Format Version 12.00
# Visual Studio Version 17
VisualStudioVersion = 17.2.32616.157
MinimumVisualStudioVersion = 10.0.40219.1
Project("{FAE04EC0-301F-11D3-BF4B-00C04F79EFBC}") = "20-SimpleApp-SaveUserName", "20-SimpleApp-SaveUserName\20-SimpleApp-SaveUserName.csproj", "{7A4C53A3-386B-4339-869A-5D30F69DFABF}"
EndProject
Global
	GlobalSection(SolutionConfigurationPlatforms) = preSolution
		Debug|Any CPU = Debug|Any CPU
		Release|Any CPU = Release|Any CPU
	EndGlobalSection
	GlobalSection(ProjectConfigurationPlatforms) = postSolution
		{7A4C53A3-386B-4339-869A-5D30F69DFABF}.Debug|Any CPU.ActiveCfg = Debug|Any CPU
		{7A4C53A3-386B-4339-869A-5D30F69DFABF}.Debug|Any CPU.Build.0 = Debug|Any CPU
		{7A4C53A3-386B-4339-869A-5D30F69DFABF}.Release|Any CPU.ActiveCfg = Release|Any CPU
		{7A4C53A3-386B-4339-869A-5D30F69DFABF}.Release|Any CPU.Build.0 = Release|Any CPU
	EndGlobalSection
	GlobalSection(SolutionProperties) = preSolution
		HideSolutionNode = FALSE
	EndGlobalSection
	GlobalSection(ExtensibilityGlobals) = postSolution
		SolutionGuid = {6556EF3F-FF55-4B4C-8922-A7DC64034E0C}
	EndGlobalSection
EndGlobal
