
Microsoft Visual Studio Solution File, Format Version 12.00
# Visual Studio Version 17
VisualStudioVersion = 17.2.32616.157
MinimumVisualStudioVersion = 10.0.40219.1
Project("{FAE04EC0-301F-11D3-BF4B-00C04F79EFBC}") = "16-simpleApp-menustrip", "16-simpleApp-menustrip\16-simpleApp-menustrip.csproj", "{C8769BBD-C7B0-4496-A902-AFC47F1A7B2B}"
EndProject
Global
	GlobalSection(SolutionConfigurationPlatforms) = preSolution
		Debug|Any CPU = Debug|Any CPU
		Release|Any CPU = Release|Any CPU
	EndGlobalSection
	GlobalSection(ProjectConfigurationPlatforms) = postSolution
		{C8769BBD-C7B0-4496-A902-AFC47F1A7B2B}.Debug|Any CPU.ActiveCfg = Debug|Any CPU
		{C8769BBD-C7B0-4496-A902-AFC47F1A7B2B}.Debug|Any CPU.Build.0 = Debug|Any CPU
		{C8769BBD-C7B0-4496-A902-AFC47F1A7B2B}.Release|Any CPU.ActiveCfg = Release|Any CPU
		{C8769BBD-C7B0-4496-A902-AFC47F1A7B2B}.Release|Any CPU.Build.0 = Release|Any CPU
	EndGlobalSection
	GlobalSection(SolutionProperties) = preSolution
		HideSolutionNode = FALSE
	EndGlobalSection
	GlobalSection(ExtensibilityGlobals) = postSolution
		SolutionGuid = {97D8B5FE-B3BA-4C66-A757-C1F5604E573F}
	EndGlobalSection
EndGlobal
