
Microsoft Visual Studio Solution File, Format Version 12.00
# Visual Studio Version 17
VisualStudioVersion = 17.2.32616.157
MinimumVisualStudioVersion = 10.0.40219.1
Project("{FAE04EC0-301F-11D3-BF4B-00C04F79EFBC}") = "02_simpleApp", "02_simpleApp\02_simpleApp.csproj", "{148BFF17-2627-4FF2-891D-EDE7F8E963EF}"
EndProject
Global
	GlobalSection(SolutionConfigurationPlatforms) = preSolution
		Debug|Any CPU = Debug|Any CPU
		Release|Any CPU = Release|Any CPU
	EndGlobalSection
	GlobalSection(ProjectConfigurationPlatforms) = postSolution
		{148BFF17-2627-4FF2-891D-EDE7F8E963EF}.Debug|Any CPU.ActiveCfg = Debug|Any CPU
		{148BFF17-2627-4FF2-891D-EDE7F8E963EF}.Debug|Any CPU.Build.0 = Debug|Any CPU
		{148BFF17-2627-4FF2-891D-EDE7F8E963EF}.Release|Any CPU.ActiveCfg = Release|Any CPU
		{148BFF17-2627-4FF2-891D-EDE7F8E963EF}.Release|Any CPU.Build.0 = Release|Any CPU
	EndGlobalSection
	GlobalSection(SolutionProperties) = preSolution
		HideSolutionNode = FALSE
	EndGlobalSection
	GlobalSection(ExtensibilityGlobals) = postSolution
		SolutionGuid = {1B2D6DBC-1160-420E-B4AD-3DE0529718FA}
	EndGlobalSection
EndGlobal
