
Microsoft Visual Studio Solution File, Format Version 12.00
# Visual Studio Version 17
VisualStudioVersion = 17.2.32616.157
MinimumVisualStudioVersion = 10.0.40219.1
Project("{FAE04EC0-301F-11D3-BF4B-00C04F79EFBC}") = "18-SimpleApp-Move-cursor-toNextBox", "18-SimpleApp-Move-cursor-toNextBox\18-SimpleApp-Move-cursor-toNextBox.csproj", "{DDCD1271-6CA4-4825-8457-ACF9ABBAE182}"
EndProject
Global
	GlobalSection(SolutionConfigurationPlatforms) = preSolution
		Debug|Any CPU = Debug|Any CPU
		Release|Any CPU = Release|Any CPU
	EndGlobalSection
	GlobalSection(ProjectConfigurationPlatforms) = postSolution
		{DDCD1271-6CA4-4825-8457-ACF9ABBAE182}.Debug|Any CPU.ActiveCfg = Debug|Any CPU
		{DDCD1271-6CA4-4825-8457-ACF9ABBAE182}.Debug|Any CPU.Build.0 = Debug|Any CPU
		{DDCD1271-6CA4-4825-8457-ACF9ABBAE182}.Release|Any CPU.ActiveCfg = Release|Any CPU
		{DDCD1271-6CA4-4825-8457-ACF9ABBAE182}.Release|Any CPU.Build.0 = Release|Any CPU
	EndGlobalSection
	GlobalSection(SolutionProperties) = preSolution
		HideSolutionNode = FALSE
	EndGlobalSection
	GlobalSection(ExtensibilityGlobals) = postSolution
		SolutionGuid = {D2F55564-75B7-4118-BC1F-7EEAF5C344EC}
	EndGlobalSection
EndGlobal
