
Microsoft Visual Studio Solution File, Format Version 12.00
# Visual Studio Version 17
VisualStudioVersion = 17.2.32616.157
MinimumVisualStudioVersion = 10.0.40219.1
Project("{FAE04EC0-301F-11D3-BF4B-00C04F79EFBC}") = "21-SimpleApp-Priting-PrintPreview", "21-SimpleApp-Priting-PrintPreview\21-SimpleApp-Priting-PrintPreview.csproj", "{372E2A5E-F983-4A1D-A90E-A06E4F4CED54}"
EndProject
Global
	GlobalSection(SolutionConfigurationPlatforms) = preSolution
		Debug|Any CPU = Debug|Any CPU
		Release|Any CPU = Release|Any CPU
	EndGlobalSection
	GlobalSection(ProjectConfigurationPlatforms) = postSolution
		{372E2A5E-F983-4A1D-A90E-A06E4F4CED54}.Debug|Any CPU.ActiveCfg = Debug|Any CPU
		{372E2A5E-F983-4A1D-A90E-A06E4F4CED54}.Debug|Any CPU.Build.0 = Debug|Any CPU
		{372E2A5E-F983-4A1D-A90E-A06E4F4CED54}.Release|Any CPU.ActiveCfg = Release|Any CPU
		{372E2A5E-F983-4A1D-A90E-A06E4F4CED54}.Release|Any CPU.Build.0 = Release|Any CPU
	EndGlobalSection
	GlobalSection(SolutionProperties) = preSolution
		HideSolutionNode = FALSE
	EndGlobalSection
	GlobalSection(ExtensibilityGlobals) = postSolution
		SolutionGuid = {D93401D8-3F35-417C-9D52-F9C270721ED4}
	EndGlobalSection
EndGlobal
